
Microsoft Visual Studio Solution File, Format Version 12.00
# Visual Studio Version 17
VisualStudioVersion = 17.4.33205.214
MinimumVisualStudioVersion = 10.0.40219.1
Project("{FAE04EC0-301F-11D3-BF4B-00C04F79EFBC}") = "phanmemnguyenhue", "phanmemnguyenhue\phanmemnguyenhue.csproj", "{BD087587-1249-4B73-B34C-C8DC33E3D725}"
EndProject
Project("{FAE04EC0-301F-11D3-BF4B-00C04F79EFBC}") = "phanmemnguyenhue.library", "phanmemnguyenhue.library\phanmemnguyenhue.library.csproj", "{39964958-3731-4EEC-9D7A-72B87EC36A0E}"
EndProject
Project("{FAE04EC0-301F-11D3-BF4B-00C04F79EFBC}") = "phanmemnguyenhue.helper", "phanmemnguyenhue.helper\phanmemnguyenhue.helper.csproj", "{51E3B6E5-B936-4289-BD7E-09C9B5E89F22}"
EndProject
Global
	GlobalSection(SolutionConfigurationPlatforms) = preSolution
		Debug|Any CPU = Debug|Any CPU
		Release|Any CPU = Release|Any CPU
	EndGlobalSection
	GlobalSection(ProjectConfigurationPlatforms) = postSolution
		{BD087587-1249-4B73-B34C-C8DC33E3D725}.Debug|Any CPU.ActiveCfg = Debug|Any CPU
		{BD087587-1249-4B73-B34C-C8DC33E3D725}.Debug|Any CPU.Build.0 = Debug|Any CPU
		{BD087587-1249-4B73-B34C-C8DC33E3D725}.Release|Any CPU.ActiveCfg = Release|Any CPU
		{BD087587-1249-4B73-B34C-C8DC33E3D725}.Release|Any CPU.Build.0 = Release|Any CPU
		{39964958-3731-4EEC-9D7A-72B87EC36A0E}.Debug|Any CPU.ActiveCfg = Debug|Any CPU
		{39964958-3731-4EEC-9D7A-72B87EC36A0E}.Debug|Any CPU.Build.0 = Debug|Any CPU
		{39964958-3731-4EEC-9D7A-72B87EC36A0E}.Release|Any CPU.ActiveCfg = Release|Any CPU
		{39964958-3731-4EEC-9D7A-72B87EC36A0E}.Release|Any CPU.Build.0 = Release|Any CPU
		{51E3B6E5-B936-4289-BD7E-09C9B5E89F22}.Debug|Any CPU.ActiveCfg = Debug|Any CPU
		{51E3B6E5-B936-4289-BD7E-09C9B5E89F22}.Debug|Any CPU.Build.0 = Debug|Any CPU
		{51E3B6E5-B936-4289-BD7E-09C9B5E89F22}.Release|Any CPU.ActiveCfg = Release|Any CPU
		{51E3B6E5-B936-4289-BD7E-09C9B5E89F22}.Release|Any CPU.Build.0 = Release|Any CPU
	EndGlobalSection
	GlobalSection(SolutionProperties) = preSolution
		HideSolutionNode = FALSE
	EndGlobalSection
	GlobalSection(ExtensibilityGlobals) = postSolution
		SolutionGuid = {49932DE3-5B8C-4F05-AF1B-6FFA28016C09}
	EndGlobalSection
EndGlobal
